
Microsoft Visual Studio Solution File, Format Version 12.00
# Visual Studio Version 16
VisualStudioVersion = 16.0.31321.278
MinimumVisualStudioVersion = 10.0.40219.1
Project("{FAE04EC0-301F-11D3-BF4B-00C04F79EFBC}") = "ExerciseLinq", "ExerciseLinq\ExerciseLinq.csproj", "{BE9A66E3-6E25-49F1-93A4-6BDB14C354A0}"
EndProject
Global
	GlobalSection(SolutionConfigurationPlatforms) = preSolution
		Debug|Any CPU = Debug|Any CPU
		Release|Any CPU = Release|Any CPU
	EndGlobalSection
	GlobalSection(ProjectConfigurationPlatforms) = postSolution
		{BE9A66E3-6E25-49F1-93A4-6BDB14C354A0}.Debug|Any CPU.ActiveCfg = Debug|Any CPU
		{BE9A66E3-6E25-49F1-93A4-6BDB14C354A0}.Debug|Any CPU.Build.0 = Debug|Any CPU
		{BE9A66E3-6E25-49F1-93A4-6BDB14C354A0}.Release|Any CPU.ActiveCfg = Release|Any CPU
		{BE9A66E3-6E25-49F1-93A4-6BDB14C354A0}.Release|Any CPU.Build.0 = Release|Any CPU
	EndGlobalSection
	GlobalSection(SolutionProperties) = preSolution
		HideSolutionNode = FALSE
	EndGlobalSection
	GlobalSection(ExtensibilityGlobals) = postSolution
		SolutionGuid = {6455231D-C3E8-4B8F-97E4-1868AF5EA5A3}
	EndGlobalSection
EndGlobal
