
Microsoft Visual Studio Solution File, Format Version 12.00
# Visual Studio Version 16
VisualStudioVersion = 16.0.31321.278
MinimumVisualStudioVersion = 10.0.40219.1
Project("{FAE04EC0-301F-11D3-BF4B-00C04F79EFBC}") = "FileManagement", "FileManagement\FileManagement.csproj", "{89AD3344-E5F9-475A-8434-9511EB4A3FA9}"
EndProject
Global
	GlobalSection(SolutionConfigurationPlatforms) = preSolution
		Debug|Any CPU = Debug|Any CPU
		Release|Any CPU = Release|Any CPU
	EndGlobalSection
	GlobalSection(ProjectConfigurationPlatforms) = postSolution
		{89AD3344-E5F9-475A-8434-9511EB4A3FA9}.Debug|Any CPU.ActiveCfg = Debug|Any CPU
		{89AD3344-E5F9-475A-8434-9511EB4A3FA9}.Debug|Any CPU.Build.0 = Debug|Any CPU
		{89AD3344-E5F9-475A-8434-9511EB4A3FA9}.Release|Any CPU.ActiveCfg = Release|Any CPU
		{89AD3344-E5F9-475A-8434-9511EB4A3FA9}.Release|Any CPU.Build.0 = Release|Any CPU
	EndGlobalSection
	GlobalSection(SolutionProperties) = preSolution
		HideSolutionNode = FALSE
	EndGlobalSection
	GlobalSection(ExtensibilityGlobals) = postSolution
		SolutionGuid = {04569081-1772-47B3-ABB5-340ADB724B2D}
	EndGlobalSection
EndGlobal
