
Microsoft Visual Studio Solution File, Format Version 12.00
# Visual Studio Version 16
VisualStudioVersion = 16.0.31321.278
MinimumVisualStudioVersion = 10.0.40219.1
Project("{FAE04EC0-301F-11D3-BF4B-00C04F79EFBC}") = "PracticalExerciseLinq", "PracticalExerciseLinq\PracticalExerciseLinq.csproj", "{ACBBDE61-182F-4D33-AE0A-6A0A6EA1C160}"
EndProject
Global
	GlobalSection(SolutionConfigurationPlatforms) = preSolution
		Debug|Any CPU = Debug|Any CPU
		Release|Any CPU = Release|Any CPU
	EndGlobalSection
	GlobalSection(ProjectConfigurationPlatforms) = postSolution
		{ACBBDE61-182F-4D33-AE0A-6A0A6EA1C160}.Debug|Any CPU.ActiveCfg = Debug|Any CPU
		{ACBBDE61-182F-4D33-AE0A-6A0A6EA1C160}.Debug|Any CPU.Build.0 = Debug|Any CPU
		{ACBBDE61-182F-4D33-AE0A-6A0A6EA1C160}.Release|Any CPU.ActiveCfg = Release|Any CPU
		{ACBBDE61-182F-4D33-AE0A-6A0A6EA1C160}.Release|Any CPU.Build.0 = Release|Any CPU
	EndGlobalSection
	GlobalSection(SolutionProperties) = preSolution
		HideSolutionNode = FALSE
	EndGlobalSection
	GlobalSection(ExtensibilityGlobals) = postSolution
		SolutionGuid = {B8A4B12F-CDD0-4866-B5EE-9CBCA9683710}
	EndGlobalSection
EndGlobal
