
Microsoft Visual Studio Solution File, Format Version 12.00
# Visual Studio Version 16
VisualStudioVersion = 16.0.31321.278
MinimumVisualStudioVersion = 10.0.40219.1
Project("{FAE04EC0-301F-11D3-BF4B-00C04F79EFBC}") = "ExtensionsMethod", "ExtensionsMethod\ExtensionsMethod.csproj", "{1DC6BA1B-6EB7-43BC-804E-1FFE03F2107E}"
EndProject
Global
	GlobalSection(SolutionConfigurationPlatforms) = preSolution
		Debug|Any CPU = Debug|Any CPU
		Release|Any CPU = Release|Any CPU
	EndGlobalSection
	GlobalSection(ProjectConfigurationPlatforms) = postSolution
		{1DC6BA1B-6EB7-43BC-804E-1FFE03F2107E}.Debug|Any CPU.ActiveCfg = Debug|Any CPU
		{1DC6BA1B-6EB7-43BC-804E-1FFE03F2107E}.Debug|Any CPU.Build.0 = Debug|Any CPU
		{1DC6BA1B-6EB7-43BC-804E-1FFE03F2107E}.Release|Any CPU.ActiveCfg = Release|Any CPU
		{1DC6BA1B-6EB7-43BC-804E-1FFE03F2107E}.Release|Any CPU.Build.0 = Release|Any CPU
	EndGlobalSection
	GlobalSection(SolutionProperties) = preSolution
		HideSolutionNode = FALSE
	EndGlobalSection
	GlobalSection(ExtensibilityGlobals) = postSolution
		SolutionGuid = {F818F8EF-526F-4828-A1F2-FB14B00D9568}
	EndGlobalSection
EndGlobal
