
Microsoft Visual Studio Solution File, Format Version 12.00
# Visual Studio Version 16
VisualStudioVersion = 16.0.31321.278
MinimumVisualStudioVersion = 10.0.40219.1
Project("{FAE04EC0-301F-11D3-BF4B-00C04F79EFBC}") = "Sets", "Sets\Sets.csproj", "{DD016CE6-4277-4E93-BD03-77BEDEA50FAD}"
EndProject
Global
	GlobalSection(SolutionConfigurationPlatforms) = preSolution
		Debug|Any CPU = Debug|Any CPU
		Release|Any CPU = Release|Any CPU
	EndGlobalSection
	GlobalSection(ProjectConfigurationPlatforms) = postSolution
		{DD016CE6-4277-4E93-BD03-77BEDEA50FAD}.Debug|Any CPU.ActiveCfg = Debug|Any CPU
		{DD016CE6-4277-4E93-BD03-77BEDEA50FAD}.Debug|Any CPU.Build.0 = Debug|Any CPU
		{DD016CE6-4277-4E93-BD03-77BEDEA50FAD}.Release|Any CPU.ActiveCfg = Release|Any CPU
		{DD016CE6-4277-4E93-BD03-77BEDEA50FAD}.Release|Any CPU.Build.0 = Release|Any CPU
	EndGlobalSection
	GlobalSection(SolutionProperties) = preSolution
		HideSolutionNode = FALSE
	EndGlobalSection
	GlobalSection(ExtensibilityGlobals) = postSolution
		SolutionGuid = {83583FDE-D95C-4826-80F2-543A39E8A234}
	EndGlobalSection
EndGlobal
